
Microsoft Visual Studio Solution File, Format Version 12.00
# Visual Studio Version 17
VisualStudioVersion = 17.5.33516.290
MinimumVisualStudioVersion = 10.0.40219.1
Project("{9A19103F-16F7-4668-BE54-9A1E7A4F7556}") = "BirdRecogniser02", "BirdRecogniser02\BirdRecogniser02.csproj", "{6CFA2179-88CA-4BF5-A27D-DD5DC143FCCD}"
EndProject
Project("{FAE04EC0-301F-11D3-BF4B-00C04F79EFBC}") = "BirdRecognise02UnitTest", "BirdRecognise02UnitTest\BirdRecognise02UnitTest.csproj", "{6FCFEC97-0855-4AC3-AF74-F65299E243BA}"
EndProject
Global
	GlobalSection(SolutionConfigurationPlatforms) = preSolution
		Debug|Any CPU = Debug|Any CPU
		Release|Any CPU = Release|Any CPU
	EndGlobalSection
	GlobalSection(ProjectConfigurationPlatforms) = postSolution
		{6CFA2179-88CA-4BF5-A27D-DD5DC143FCCD}.Debug|Any CPU.ActiveCfg = Debug|Any CPU
		{6CFA2179-88CA-4BF5-A27D-DD5DC143FCCD}.Debug|Any CPU.Build.0 = Debug|Any CPU
		{6CFA2179-88CA-4BF5-A27D-DD5DC143FCCD}.Release|Any CPU.ActiveCfg = Release|Any CPU
		{6CFA2179-88CA-4BF5-A27D-DD5DC143FCCD}.Release|Any CPU.Build.0 = Release|Any CPU
		{6FCFEC97-0855-4AC3-AF74-F65299E243BA}.Debug|Any CPU.ActiveCfg = Debug|Any CPU
		{6FCFEC97-0855-4AC3-AF74-F65299E243BA}.Debug|Any CPU.Build.0 = Debug|Any CPU
		{6FCFEC97-0855-4AC3-AF74-F65299E243BA}.Release|Any CPU.ActiveCfg = Release|Any CPU
		{6FCFEC97-0855-4AC3-AF74-F65299E243BA}.Release|Any CPU.Build.0 = Release|Any CPU
	EndGlobalSection
	GlobalSection(SolutionProperties) = preSolution
		HideSolutionNode = FALSE
	EndGlobalSection
	GlobalSection(ExtensibilityGlobals) = postSolution
		SolutionGuid = {CBFA0483-7AE0-4C42-B642-BA7167E91855}
	EndGlobalSection
EndGlobal
